PODS:
  - libaom (3.0.0):
    - libvmaf (>= 2.2.0)
  - libavif (0.11.1):
    - libavif/libaom (= 0.11.1)
  - libavif/core (0.11.1)
  - libavif/libaom (0.11.1):
    - libaom (>= 2.0.0)
    - libavif/core
  - libvmaf (2.3.1)
  - libwebp (1.5.0):
    - libwebp/demux (= 1.5.0)
    - libwebp/mux (= 1.5.0)
    - libwebp/sharpyuv (= 1.5.0)
    - libwebp/webp (= 1.5.0)
  - libwebp/demux (1.5.0):
    - libwebp/webp
  - libwebp/mux (1.5.0):
    - libwebp/demux
  - libwebp/sharpyuv (1.5.0)
  - libwebp/webp (1.5.0):
    - libwebp/sharpyuv
  - mozjpeg (3.3.2)
  - SDWebImage/Core (5.21.3)
  - SDWebImageWebPCoder (0.14.6):
    - libwebp (~> 1.0)
    - SDWebImage/Core (~> 5.17)

DEPENDENCIES:
  - libavif
  - mozjpeg (~> 3.3)
  - SDWebImageWebPCoder (~> 0.14.6)

SPEC REPOS:
  trunk:
    - libaom
    - libavif
    - libvmaf
    - libwebp
    - mozjpeg
    - SDWebImage
    - SDWebImageWebPCoder

SPEC CHECKSUMS:
  libaom: 144606b1da4b5915a1054383c3a4459ccdb3c661
  libavif: 84bbb62fb232c3018d6f1bab79beea87e35de7b7
  libvmaf: 27f523f1e63c694d14d534cd0fddd2fab0ae8711
  libwebp: 02b23773aedb6ff1fd38cec7a77b81414c6842a8
  mozjpeg: bbe5f12952c272e10063446feaf7ec09a800c5e3
  SDWebImage: 16309af6d214ba3f77a7c6f6fdda888cb313a50a
  SDWebImageWebPCoder: e38c0a70396191361d60c092933e22c20d5b1380

PODFILE CHECKSUM: c13258170ef59969633d958bb948425855d69ec1

COCOAPODS: 1.16.2
