{
  "originHash" : "94933c8254f7fbc351e4c2ca7e9758f4600c99800a73acfdea2e35f933192b08",
  "pins" : [
    {
      "identity" : "pngquant.swift",
      "kind" : "remoteSourceControl",
      "location" : "https://github.com/awxkee/pngquant.swift",
      "state" : {
        "revision" : "5ab3151e66e5f4d87009c4d536bbb7a8b1db6f80",
        "version" : "1.0.5"
      }
    }
  ],
  "version" : 3
}
